
Microsoft Visual Studio Solution File, Format Version 12.00
# Visual Studio Version 16
VisualStudioVersion = 16.0.29009.5
MinimumVisualStudioVersion = 10.0.40219.1
Project("{8BC9CEB8-8B4A-11D0-8D11-00A0C91BC942}") = "TestApp", "TestApp\TestApp.vcxproj", "{01EE1117-83C7-45A5-BE62-8E2249D6C781}"
EndProject
Project("{FAE04EC0-301F-11D3-BF4B-00C04F79EFBC}") = "FolderConfigHelper", "FolderConfigHelper\FolderConfigHelper.csproj", "{F29EE974-BA47-4060-866A-98E9F7525962}"
EndProject
Project("{8BC9CEB8-8B4A-11D0-8D11-00A0C91BC942}") = "TestAppCpp", "TestAppCpp\TestAppCpp.vcxproj", "{EC2A8AEF-668C-486A-9ACE-A6534C11EAB6}"
EndProject
Project("{FAE04EC0-301F-11D3-BF4B-00C04F79EFBC}") = "TestAppCs", "TestAppCs\TestAppCs.csproj", "{ADA39C3F-E72D-43F5-AB9E-C21E89621911}"
EndProject
Project("{FAE04EC0-301F-11D3-BF4B-00C04F79EFBC}") = "TestAppUseHelper", "TestAppUseHelper\TestAppUseHelper.csproj", "{4671D827-53A8-47B6-84D3-CFB7A3E427E3}"
EndProject
Project("{FAE04EC0-301F-11D3-BF4B-00C04F79EFBC}") = "FolderConfig", "FolderConfig\FolderConfig.csproj", "{9A6C4A57-F560-486D-83EC-B0453C41CE7A}"
EndProject
Project("{FAE04EC0-301F-11D3-BF4B-00C04F79EFBC}") = "FolderConfigLauncher", "FolderConfigLauncher\FolderConfigLauncher.csproj", "{4A4CC341-3F6D-44FC-8283-350B64DA2F72}"
EndProject
Project("{8BC9CEB8-8B4A-11D0-8D11-00A0C91BC942}") = "zzzDist", "zzzDist\zzzDist.vcxproj", "{B4146369-57AF-45A6-AA7C-B9F14CA4C11B}"
	ProjectSection(ProjectDependencies) = postProject
		{4A4CC341-3F6D-44FC-8283-350B64DA2F72} = {4A4CC341-3F6D-44FC-8283-350B64DA2F72}
		{9A6C4A57-F560-486D-83EC-B0453C41CE7A} = {9A6C4A57-F560-486D-83EC-B0453C41CE7A}
		{F29EE974-BA47-4060-866A-98E9F7525962} = {F29EE974-BA47-4060-866A-98E9F7525962}
	EndProjectSection
EndProject
Global
	GlobalSection(SolutionConfigurationPlatforms) = preSolution
		Debug|Any CPU = Debug|Any CPU
		Debug|Win32 = Debug|Win32
		Release|Any CPU = Release|Any CPU
		Release|Win32 = Release|Win32
	EndGlobalSection
	GlobalSection(ProjectConfigurationPlatforms) = postSolution
		{01EE1117-83C7-45A5-BE62-8E2249D6C781}.Debug|Any CPU.ActiveCfg = Debug|Win32
		{01EE1117-83C7-45A5-BE62-8E2249D6C781}.Debug|Win32.ActiveCfg = Debug|Win32
		{01EE1117-83C7-45A5-BE62-8E2249D6C781}.Debug|Win32.Build.0 = Debug|Win32
		{01EE1117-83C7-45A5-BE62-8E2249D6C781}.Release|Any CPU.ActiveCfg = Release|Win32
		{01EE1117-83C7-45A5-BE62-8E2249D6C781}.Release|Win32.ActiveCfg = Release|Win32
		{F29EE974-BA47-4060-866A-98E9F7525962}.Debug|Any CPU.ActiveCfg = Debug|Any CPU
		{F29EE974-BA47-4060-866A-98E9F7525962}.Debug|Any CPU.Build.0 = Debug|Any CPU
		{F29EE974-BA47-4060-866A-98E9F7525962}.Debug|Win32.ActiveCfg = Debug|Any CPU
		{F29EE974-BA47-4060-866A-98E9F7525962}.Debug|Win32.Build.0 = Debug|Any CPU
		{F29EE974-BA47-4060-866A-98E9F7525962}.Release|Any CPU.ActiveCfg = Release|Any CPU
		{F29EE974-BA47-4060-866A-98E9F7525962}.Release|Any CPU.Build.0 = Release|Any CPU
		{F29EE974-BA47-4060-866A-98E9F7525962}.Release|Win32.ActiveCfg = Release|Any CPU
		{F29EE974-BA47-4060-866A-98E9F7525962}.Release|Win32.Build.0 = Release|Any CPU
		{EC2A8AEF-668C-486A-9ACE-A6534C11EAB6}.Debug|Any CPU.ActiveCfg = Debug|Win32
		{EC2A8AEF-668C-486A-9ACE-A6534C11EAB6}.Debug|Win32.ActiveCfg = Debug|Win32
		{EC2A8AEF-668C-486A-9ACE-A6534C11EAB6}.Debug|Win32.Build.0 = Debug|Win32
		{EC2A8AEF-668C-486A-9ACE-A6534C11EAB6}.Release|Any CPU.ActiveCfg = Release|Win32
		{EC2A8AEF-668C-486A-9ACE-A6534C11EAB6}.Release|Win32.ActiveCfg = Release|Win32
		{ADA39C3F-E72D-43F5-AB9E-C21E89621911}.Debug|Any CPU.ActiveCfg = Debug|Any CPU
		{ADA39C3F-E72D-43F5-AB9E-C21E89621911}.Debug|Any CPU.Build.0 = Debug|Any CPU
		{ADA39C3F-E72D-43F5-AB9E-C21E89621911}.Debug|Win32.ActiveCfg = Debug|Any CPU
		{ADA39C3F-E72D-43F5-AB9E-C21E89621911}.Debug|Win32.Build.0 = Debug|Any CPU
		{ADA39C3F-E72D-43F5-AB9E-C21E89621911}.Release|Any CPU.ActiveCfg = Release|Any CPU
		{ADA39C3F-E72D-43F5-AB9E-C21E89621911}.Release|Any CPU.Build.0 = Release|Any CPU
		{ADA39C3F-E72D-43F5-AB9E-C21E89621911}.Release|Win32.ActiveCfg = Release|Any CPU
		{4671D827-53A8-47B6-84D3-CFB7A3E427E3}.Debug|Any CPU.ActiveCfg = Debug|Any CPU
		{4671D827-53A8-47B6-84D3-CFB7A3E427E3}.Debug|Any CPU.Build.0 = Debug|Any CPU
		{4671D827-53A8-47B6-84D3-CFB7A3E427E3}.Debug|Win32.ActiveCfg = Debug|Any CPU
		{4671D827-53A8-47B6-84D3-CFB7A3E427E3}.Debug|Win32.Build.0 = Debug|Any CPU
		{4671D827-53A8-47B6-84D3-CFB7A3E427E3}.Release|Any CPU.ActiveCfg = Release|Any CPU
		{4671D827-53A8-47B6-84D3-CFB7A3E427E3}.Release|Any CPU.Build.0 = Release|Any CPU
		{4671D827-53A8-47B6-84D3-CFB7A3E427E3}.Release|Win32.ActiveCfg = Release|Any CPU
		{9A6C4A57-F560-486D-83EC-B0453C41CE7A}.Debug|Any CPU.ActiveCfg = Debug|Any CPU
		{9A6C4A57-F560-486D-83EC-B0453C41CE7A}.Debug|Any CPU.Build.0 = Debug|Any CPU
		{9A6C4A57-F560-486D-83EC-B0453C41CE7A}.Debug|Win32.ActiveCfg = Debug|Any CPU
		{9A6C4A57-F560-486D-83EC-B0453C41CE7A}.Debug|Win32.Build.0 = Debug|Any CPU
		{9A6C4A57-F560-486D-83EC-B0453C41CE7A}.Release|Any CPU.ActiveCfg = Release|Any CPU
		{9A6C4A57-F560-486D-83EC-B0453C41CE7A}.Release|Any CPU.Build.0 = Release|Any CPU
		{9A6C4A57-F560-486D-83EC-B0453C41CE7A}.Release|Win32.ActiveCfg = Release|Any CPU
		{9A6C4A57-F560-486D-83EC-B0453C41CE7A}.Release|Win32.Build.0 = Release|Any CPU
		{4A4CC341-3F6D-44FC-8283-350B64DA2F72}.Debug|Any CPU.ActiveCfg = Debug|Any CPU
		{4A4CC341-3F6D-44FC-8283-350B64DA2F72}.Debug|Any CPU.Build.0 = Debug|Any CPU
		{4A4CC341-3F6D-44FC-8283-350B64DA2F72}.Debug|Win32.ActiveCfg = Debug|Any CPU
		{4A4CC341-3F6D-44FC-8283-350B64DA2F72}.Debug|Win32.Build.0 = Debug|Any CPU
		{4A4CC341-3F6D-44FC-8283-350B64DA2F72}.Release|Any CPU.ActiveCfg = Release|Any CPU
		{4A4CC341-3F6D-44FC-8283-350B64DA2F72}.Release|Any CPU.Build.0 = Release|Any CPU
		{4A4CC341-3F6D-44FC-8283-350B64DA2F72}.Release|Win32.ActiveCfg = Release|Any CPU
		{4A4CC341-3F6D-44FC-8283-350B64DA2F72}.Release|Win32.Build.0 = Release|Any CPU
		{B4146369-57AF-45A6-AA7C-B9F14CA4C11B}.Debug|Any CPU.ActiveCfg = Debug|Win32
		{B4146369-57AF-45A6-AA7C-B9F14CA4C11B}.Debug|Win32.ActiveCfg = Debug|Win32
		{B4146369-57AF-45A6-AA7C-B9F14CA4C11B}.Debug|Win32.Build.0 = Debug|Win32
		{B4146369-57AF-45A6-AA7C-B9F14CA4C11B}.Release|Any CPU.ActiveCfg = Release|Win32
		{B4146369-57AF-45A6-AA7C-B9F14CA4C11B}.Release|Win32.ActiveCfg = Release|Win32
		{B4146369-57AF-45A6-AA7C-B9F14CA4C11B}.Release|Win32.Build.0 = Release|Win32
	EndGlobalSection
	GlobalSection(SolutionProperties) = preSolution
		HideSolutionNode = FALSE
	EndGlobalSection
	GlobalSection(ExtensibilityGlobals) = postSolution
		SolutionGuid = {F2E8DCD8-1073-4657-BE98-BAC1244D8EFF}
	EndGlobalSection
EndGlobal
